
Microsoft Visual Studio Solution File, Format Version 12.00
# Visual Studio 14
VisualStudioVersion = 14.0.25420.1
MinimumVisualStudioVersion = 10.0.40219.1
Project("{FAE04EC0-301F-11D3-BF4B-00C04F79EFBC}") = "Weather", "Weather\Weather.csproj", "{1DCF5547-635C-4A4B-904F-E6CA16F5FC4D}"
EndProject
Project("{FAE04EC0-301F-11D3-BF4B-00C04F79EFBC}") = "WeatherTest", "WeatherTest\WeatherTest.csproj", "{24C4B5DC-DACB-4A89-A86D-E3AC1F6B4A6F}"
EndProject
Global
	GlobalSection(SolutionConfigurationPlatforms) = preSolution
		Debug|Any CPU = Debug|Any CPU
		Release|Any CPU = Release|Any CPU
	EndGlobalSection
	GlobalSection(ProjectConfigurationPlatforms) = postSolution
		{1DCF5547-635C-4A4B-904F-E6CA16F5FC4D}.Debug|Any CPU.ActiveCfg = Debug|Any CPU
		{1DCF5547-635C-4A4B-904F-E6CA16F5FC4D}.Debug|Any CPU.Build.0 = Debug|Any CPU
		{1DCF5547-635C-4A4B-904F-E6CA16F5FC4D}.Release|Any CPU.ActiveCfg = Release|Any CPU
		{1DCF5547-635C-4A4B-904F-E6CA16F5FC4D}.Release|Any CPU.Build.0 = Release|Any CPU
		{24C4B5DC-DACB-4A89-A86D-E3AC1F6B4A6F}.Debug|Any CPU.ActiveCfg = Debug|Any CPU
		{24C4B5DC-DACB-4A89-A86D-E3AC1F6B4A6F}.Debug|Any CPU.Build.0 = Debug|Any CPU
		{24C4B5DC-DACB-4A89-A86D-E3AC1F6B4A6F}.Release|Any CPU.ActiveCfg = Release|Any CPU
		{24C4B5DC-DACB-4A89-A86D-E3AC1F6B4A6F}.Release|Any CPU.Build.0 = Release|Any CPU
	EndGlobalSection
	GlobalSection(SolutionProperties) = preSolution
		HideSolutionNode = FALSE
	EndGlobalSection
EndGlobal
